
Microsoft Visual Studio Solution File, Format Version 12.00
# Visual Studio Version 17
VisualStudioVersion = 17.0.31919.166
MinimumVisualStudioVersion = 10.0.40219.1
Project("{FAE04EC0-301F-11D3-BF4B-00C04F79EFBC}") = "Problema6", "Problema6\Problema6.csproj", "{3FC0D457-DC7F-48BC-9D2D-51973953596C}"
EndProject
Global
	GlobalSection(SolutionConfigurationPlatforms) = preSolution
		Debug|Any CPU = Debug|Any CPU
		Release|Any CPU = Release|Any CPU
	EndGlobalSection
	GlobalSection(ProjectConfigurationPlatforms) = postSolution
		{3FC0D457-DC7F-48BC-9D2D-51973953596C}.Debug|Any CPU.ActiveCfg = Debug|Any CPU
		{3FC0D457-DC7F-48BC-9D2D-51973953596C}.Debug|Any CPU.Build.0 = Debug|Any CPU
		{3FC0D457-DC7F-48BC-9D2D-51973953596C}.Release|Any CPU.ActiveCfg = Release|Any CPU
		{3FC0D457-DC7F-48BC-9D2D-51973953596C}.Release|Any CPU.Build.0 = Release|Any CPU
	EndGlobalSection
	GlobalSection(SolutionProperties) = preSolution
		HideSolutionNode = FALSE
	EndGlobalSection
	GlobalSection(ExtensibilityGlobals) = postSolution
		SolutionGuid = {11407DB7-5196-4D6A-A41A-8ED5F5A7C5DF}
	EndGlobalSection
EndGlobal
